<?xml version="1.0" encoding="UTF-8"?>
<Solution>
	<Configurations>
		<BuildType Name="Debug"/>
		<BuildType Name="Release"/>
		<BuildType Name="MinSizeRel"/>
		<BuildType Name="RelWithDebInfo"/>
		<Platform Name="x64"/>
	</Configurations>
	<Project Path="ALL_BUILD.vcxproj" Type="8bc9ceb8-8b4a-11d0-8d11-00a0c91bc942" Id="b6a5bb2b-4a1b-3eed-bea6-50ba3b24a03b" DefaultStartup="true">
		<BuildDependency Project="ZERO_CHECK.vcxproj"/>
		<BuildDependency Project="lib1.vcxproj"/>
		<BuildDependency Project="print_lib_path.vcxproj"/>
		<Build Solution="Debug|*" Project="false"/>
		<Build Solution="Release|*" Project="false"/>
		<Build Solution="MinSizeRel|*" Project="false"/>
		<Build Solution="RelWithDebInfo|*" Project="false"/>
	</Project>
	<Project Path="ZERO_CHECK.vcxproj" Type="8bc9ceb8-8b4a-11d0-8d11-00a0c91bc942" Id="7c579da3-2443-3c5b-992f-50e07d42fc87"/>
	<Project Path="lib1.vcxproj" Type="8bc9ceb8-8b4a-11d0-8d11-00a0c91bc942" Id="54ce20d6-76b4-3dfa-b391-f75942c21a2b">
		<BuildDependency Project="ZERO_CHECK.vcxproj"/>
	</Project>
	<Project Path="print_lib_path.vcxproj" Type="8bc9ceb8-8b4a-11d0-8d11-00a0c91bc942" Id="e667aa50-7822-3665-9eea-ee000bc26a84">
		<BuildDependency Project="ZERO_CHECK.vcxproj"/>
		<BuildDependency Project="lib1.vcxproj"/>
	</Project>
</Solution>
