<?xml version="1.0" encoding="UTF-8"?>
<Solution>
	<Configurations>
		<BuildType Name="Debug"/>
		<BuildType Name="Release"/>
		<BuildType Name="MinSizeRel"/>
		<BuildType Name="RelWithDebInfo"/>
		<Platform Name="x64"/>
	</Configurations>
	<Project Path="ALL_BUILD.vcxproj" Type="8bc9ceb8-8b4a-11d0-8d11-00a0c91bc942" Id="b5644396-bb74-390b-86c3-2f5cb84b192b" DefaultStartup="true">
		<BuildDependency Project="ZERO_CHECK.vcxproj"/>
		<BuildDependency Project="objLib.vcxproj"/>
		<BuildDependency Project="staticLib.vcxproj"/>
		<BuildDependency Project="static_link_order_test.vcxproj"/>
		<Build Solution="Debug|*" Project="false"/>
		<Build Solution="Release|*" Project="false"/>
		<Build Solution="MinSizeRel|*" Project="false"/>
		<Build Solution="RelWithDebInfo|*" Project="false"/>
	</Project>
	<Project Path="ZERO_CHECK.vcxproj" Type="8bc9ceb8-8b4a-11d0-8d11-00a0c91bc942" Id="06044845-48b0-3513-b9e0-6f7bcfa963dd"/>
	<Project Path="objLib.vcxproj" Type="8bc9ceb8-8b4a-11d0-8d11-00a0c91bc942" Id="c0fced69-924a-3b11-9ca4-d78c5b0474f4">
		<BuildDependency Project="ZERO_CHECK.vcxproj"/>
	</Project>
	<Project Path="staticLib.vcxproj" Type="8bc9ceb8-8b4a-11d0-8d11-00a0c91bc942" Id="0c9e619f-5612-361d-ab53-b2f2d6a0d6ba">
		<BuildDependency Project="ZERO_CHECK.vcxproj"/>
	</Project>
	<Project Path="static_link_order_test.vcxproj" Type="8bc9ceb8-8b4a-11d0-8d11-00a0c91bc942" Id="307905ec-6b65-3172-9056-132d9f97cf76">
		<BuildDependency Project="ZERO_CHECK.vcxproj"/>
		<BuildDependency Project="objLib.vcxproj"/>
		<BuildDependency Project="staticLib.vcxproj"/>
	</Project>
</Solution>
