<?xml version="1.0" encoding="UTF-8"?>
<Solution>
	<Configurations>
		<BuildType Name="Debug"/>
		<BuildType Name="Release"/>
		<BuildType Name="MinSizeRel"/>
		<BuildType Name="RelWithDebInfo"/>
		<Platform Name="x64"/>
	</Configurations>
	<Project Path="ALL_BUILD.vcxproj" Type="8bc9ceb8-8b4a-11d0-8d11-00a0c91bc942" Id="74bd7ca9-6b81-3fbf-a9ba-993e8d8c7a42" DefaultStartup="true">
		<BuildDependency Project="SimdTestlasx.vcxproj"/>
		<BuildDependency Project="ZERO_CHECK.vcxproj"/>
		<Build Solution="Debug|*" Project="false"/>
		<Build Solution="Release|*" Project="false"/>
		<Build Solution="MinSizeRel|*" Project="false"/>
		<Build Solution="RelWithDebInfo|*" Project="false"/>
	</Project>
	<Project Path="SimdTestlasx.vcxproj" Type="8bc9ceb8-8b4a-11d0-8d11-00a0c91bc942" Id="047559d1-6d37-3d84-a3e4-1c3d6742fc7c">
		<BuildDependency Project="ZERO_CHECK.vcxproj"/>
	</Project>
	<Project Path="ZERO_CHECK.vcxproj" Type="8bc9ceb8-8b4a-11d0-8d11-00a0c91bc942" Id="0d06c2f1-3964-33ad-bf17-91ee63826518"/>
</Solution>
