<?xml version="1.0" encoding="UTF-8"?>
<Solution>
	<Configurations>
		<BuildType Name="Debug"/>
		<BuildType Name="Release"/>
		<BuildType Name="MinSizeRel"/>
		<BuildType Name="RelWithDebInfo"/>
		<Platform Name="x64"/>
	</Configurations>
	<Project Path="ALL_BUILD.vcxproj" Type="8bc9ceb8-8b4a-11d0-8d11-00a0c91bc942" Id="1dd92bdb-734f-3d18-90d7-b0f31f425434" DefaultStartup="true">
		<BuildDependency Project="SimdTest.vcxproj"/>
		<BuildDependency Project="ZERO_CHECK.vcxproj"/>
		<Build Solution="Debug|*" Project="false"/>
		<Build Solution="Release|*" Project="false"/>
		<Build Solution="MinSizeRel|*" Project="false"/>
		<Build Solution="RelWithDebInfo|*" Project="false"/>
	</Project>
	<Project Path="SimdTest.vcxproj" Type="8bc9ceb8-8b4a-11d0-8d11-00a0c91bc942" Id="104e4dd3-9043-3064-a8dc-e4cd056c758f">
		<BuildDependency Project="ZERO_CHECK.vcxproj"/>
	</Project>
	<Project Path="ZERO_CHECK.vcxproj" Type="8bc9ceb8-8b4a-11d0-8d11-00a0c91bc942" Id="864d0d39-84ab-3d8c-b95f-4b25b4f1e761"/>
</Solution>
