<?xml version="1.0" encoding="UTF-8"?>
<Solution>
	<Configurations>
		<BuildType Name="Debug"/>
		<BuildType Name="Release"/>
		<BuildType Name="MinSizeRel"/>
		<BuildType Name="RelWithDebInfo"/>
		<Platform Name="x64"/>
	</Configurations>
	<Project Path="ALL_BUILD.vcxproj" Type="8bc9ceb8-8b4a-11d0-8d11-00a0c91bc942" Id="b0281e76-6524-3119-9e37-6807a643481f" DefaultStartup="true">
		<BuildDependency Project="ZERO_CHECK.vcxproj"/>
		<BuildDependency Project="no_extern_access_lib.vcxproj"/>
		<BuildDependency Project="no_extern_access_main.vcxproj"/>
		<Build Solution="Debug|*" Project="false"/>
		<Build Solution="Release|*" Project="false"/>
		<Build Solution="MinSizeRel|*" Project="false"/>
		<Build Solution="RelWithDebInfo|*" Project="false"/>
	</Project>
	<Project Path="ZERO_CHECK.vcxproj" Type="8bc9ceb8-8b4a-11d0-8d11-00a0c91bc942" Id="dde741bd-c92b-31fd-a2de-f11a38ee0627"/>
	<Project Path="no_extern_access_lib.vcxproj" Type="8bc9ceb8-8b4a-11d0-8d11-00a0c91bc942" Id="55fac866-6af1-3a30-9df8-6d8ac46825c5">
		<BuildDependency Project="ZERO_CHECK.vcxproj"/>
	</Project>
	<Project Path="no_extern_access_main.vcxproj" Type="8bc9ceb8-8b4a-11d0-8d11-00a0c91bc942" Id="73298dc4-6a04-3041-b817-44bcdbcba3ae">
		<BuildDependency Project="ZERO_CHECK.vcxproj"/>
		<BuildDependency Project="no_extern_access_lib.vcxproj"/>
	</Project>
</Solution>
